
Microsoft Visual Studio Solution File, Format Version 12.00
# Visual Studio 15
VisualStudioVersion = 15.0.26730.3
MinimumVisualStudioVersion = 10.0.40219.1
Project("{9A19103F-16F7-4668-BE54-9A1E7A4F7556}") = "Coon", "src\Coon\Coon.csproj", "{819932A1-CD02-4FBB-88ED-0E6BCB99C98C}"
EndProject
Project("{9A19103F-16F7-4668-BE54-9A1E7A4F7556}") = "Coon.UnitTests", "test\Coon.UnitTests\Coon.UnitTests.csproj", "{4DD5F175-607B-4EC2-A196-2EC5992AAF7E}"
EndProject
Global
	GlobalSection(SolutionConfigurationPlatforms) = preSolution
		Debug|Any CPU = Debug|Any CPU
		Release|Any CPU = Release|Any CPU
	EndGlobalSection
	GlobalSection(ProjectConfigurationPlatforms) = postSolution
		{819932A1-CD02-4FBB-88ED-0E6BCB99C98C}.Debug|Any CPU.ActiveCfg = Debug|Any CPU
		{819932A1-CD02-4FBB-88ED-0E6BCB99C98C}.Debug|Any CPU.Build.0 = Debug|Any CPU
		{819932A1-CD02-4FBB-88ED-0E6BCB99C98C}.Release|Any CPU.ActiveCfg = Release|Any CPU
		{819932A1-CD02-4FBB-88ED-0E6BCB99C98C}.Release|Any CPU.Build.0 = Release|Any CPU
		{4DD5F175-607B-4EC2-A196-2EC5992AAF7E}.Debug|Any CPU.ActiveCfg = Debug|Any CPU
		{4DD5F175-607B-4EC2-A196-2EC5992AAF7E}.Debug|Any CPU.Build.0 = Debug|Any CPU
		{4DD5F175-607B-4EC2-A196-2EC5992AAF7E}.Release|Any CPU.ActiveCfg = Release|Any CPU
		{4DD5F175-607B-4EC2-A196-2EC5992AAF7E}.Release|Any CPU.Build.0 = Release|Any CPU
	EndGlobalSection
	GlobalSection(SolutionProperties) = preSolution
		HideSolutionNode = FALSE
	EndGlobalSection
	GlobalSection(ExtensibilityGlobals) = postSolution
		SolutionGuid = {586DD1A4-82AF-43D6-8A24-F97C2E5331EB}
	EndGlobalSection
EndGlobal
